
Microsoft Visual Studio Solution File, Format Version 12.00
# Visual Studio Version 17
VisualStudioVersion = 17.11.35431.28
MinimumVisualStudioVersion = 10.0.40219.1
Project("{FAE04EC0-301F-11D3-BF4B-00C04F79EFBC}") = "UsuarioService", "UsuarioService\UsuarioService.csproj", "{1611575C-B440-4A83-B6AA-3EC2F6AC6D96}"
EndProject
Project("{FAE04EC0-301F-11D3-BF4B-00C04F79EFBC}") = "ProdutoService", "ProdutoService\ProdutoService.csproj", "{CEA8B0EC-789F-4751-A74E-39BBF681A15C}"
EndProject
Project("{FAE04EC0-301F-11D3-BF4B-00C04F79EFBC}") = "UsuarioService.Tests", "UsuarioService.Tests\UsuarioService.Tests.csproj", "{8EE68298-5DD5-4ABB-8EF3-23E457A06388}"
EndProject
Global
	GlobalSection(SolutionConfigurationPlatforms) = preSolution
		Debug|Any CPU = Debug|Any CPU
		Release|Any CPU = Release|Any CPU
	EndGlobalSection
	GlobalSection(ProjectConfigurationPlatforms) = postSolution
		{1611575C-B440-4A83-B6AA-3EC2F6AC6D96}.Debug|Any CPU.ActiveCfg = Debug|Any CPU
		{1611575C-B440-4A83-B6AA-3EC2F6AC6D96}.Debug|Any CPU.Build.0 = Debug|Any CPU
		{1611575C-B440-4A83-B6AA-3EC2F6AC6D96}.Release|Any CPU.ActiveCfg = Release|Any CPU
		{1611575C-B440-4A83-B6AA-3EC2F6AC6D96}.Release|Any CPU.Build.0 = Release|Any CPU
		{CEA8B0EC-789F-4751-A74E-39BBF681A15C}.Debug|Any CPU.ActiveCfg = Debug|Any CPU
		{CEA8B0EC-789F-4751-A74E-39BBF681A15C}.Debug|Any CPU.Build.0 = Debug|Any CPU
		{CEA8B0EC-789F-4751-A74E-39BBF681A15C}.Release|Any CPU.ActiveCfg = Release|Any CPU
		{CEA8B0EC-789F-4751-A74E-39BBF681A15C}.Release|Any CPU.Build.0 = Release|Any CPU
		{8EE68298-5DD5-4ABB-8EF3-23E457A06388}.Debug|Any CPU.ActiveCfg = Debug|Any CPU
		{8EE68298-5DD5-4ABB-8EF3-23E457A06388}.Debug|Any CPU.Build.0 = Debug|Any CPU
		{8EE68298-5DD5-4ABB-8EF3-23E457A06388}.Release|Any CPU.ActiveCfg = Release|Any CPU
		{8EE68298-5DD5-4ABB-8EF3-23E457A06388}.Release|Any CPU.Build.0 = Release|Any CPU
	EndGlobalSection
	GlobalSection(SolutionProperties) = preSolution
		HideSolutionNode = FALSE
	EndGlobalSection
	GlobalSection(ExtensibilityGlobals) = postSolution
		SolutionGuid = {CFF9CC6A-E172-4183-A359-876A4D303D86}
	EndGlobalSection
EndGlobal
